
Microsoft Visual Studio Solution File, Format Version 12.00
# Visual Studio Version 17
VisualStudioVersion = 17.5.33627.172
MinimumVisualStudioVersion = 10.0.40219.1
Project("{FAE04EC0-301F-11D3-BF4B-00C04F79EFBC}") = "ChatBox App", "ChatBox App\ChatBox App.csproj", "{A898C534-A504-482E-B37A-8E57FF933238}"
EndProject
Global
	GlobalSection(SolutionConfigurationPlatforms) = preSolution
		Debug|Any CPU = Debug|Any CPU
		Release|Any CPU = Release|Any CPU
	EndGlobalSection
	GlobalSection(ProjectConfigurationPlatforms) = postSolution
		{A898C534-A504-482E-B37A-8E57FF933238}.Debug|Any CPU.ActiveCfg = Debug|Any CPU
		{A898C534-A504-482E-B37A-8E57FF933238}.Debug|Any CPU.Build.0 = Debug|Any CPU
		{A898C534-A504-482E-B37A-8E57FF933238}.Release|Any CPU.ActiveCfg = Release|Any CPU
		{A898C534-A504-482E-B37A-8E57FF933238}.Release|Any CPU.Build.0 = Release|Any CPU
	EndGlobalSection
	GlobalSection(SolutionProperties) = preSolution
		HideSolutionNode = FALSE
	EndGlobalSection
	GlobalSection(ExtensibilityGlobals) = postSolution
		SolutionGuid = {98D9E7F4-C2C5-47CB-B6F0-F257F37D8A48}
	EndGlobalSection
EndGlobal
